{
  "name": "scrabster-pro",
  "version": "1.0.0",
  "lockfileVersion": 3,
  "requires": true,
  "packages": {
    "": {
      "name": "scrabster-pro",
      "version": "1.0.0",
      "devDependencies": {
        "concurrently": "^8.2.2"
      }
    },
    "node_modules/concurrently": {
      "version": "8.2.2",
      "resolved": "https://registry.npmjs.org/concurrently/-/concurrently-8.2.2.tgz",
      "integrity": "sha512-5K2ZpuoycN4SxJq1VRD4QfGqD1YK3P4Y4m3Wq0lOX8pOg8E/Dw2WxxI3GFOFQ6CG0n8WrLeSa7wGc6+X4qrTQ==",
      "dev": true,
      "dependencies": {
        "chalk": "^4.1.2",
        "commander": "^9.4.1",
        "date-fns": "^2.29.3",
        "lodash": "^4.17.21",
        "rxjs": "^7.8.1",
        "spawn-command": "^0.0.2-1",
        "supports-color": "^7.2.0"
      }
    }
  }
}
